// !$*UTF8*$!
{
	archiveVersion = 1;
	classes = {
	};
	objectVersion = 77;
	objects = {

/* Begin PBXBuildFile section */
		15E997A82E45308D00E8F2FD /* CityDetailView.swift in Sources */ = {isa = PBXBuildFile; fileRef = 15E997A62E45308D00E8F2FD /* CityDetailView.swift */; };
		15E997A92E45308D00E8F2FD /* HomeView.swift in Sources */ = {isa = PBXBuildFile; fileRef = 15E997A72E45308D00E8F2FD /* HomeView.swift */; };
		15E997AA2E45308D00E8F2FD /* CityCardView.swift in Sources */ = {isa = PBXBuildFile; fileRef = 15E997A52E45308D00E8F2FD /* CityCardView.swift */; };
		15E997AC2E4530AB00E8F2FD /* City.swift in Sources */ = {isa = PBXBuildFile; fileRef = 15E997AB2E4530AB00E8F2FD /* City.swift */; };
		15E997BC2E46A60800E8F2FD /* Home Screen.png in Resources */ = {isa = PBXBuildFile; fileRef = 15E997B82E46A60800E8F2FD /* Home Screen.png */; };
		15E997BD2E46A60800E8F2FD /* City Details.png in Resources */ = {isa = PBXBuildFile; fileRef = 15E997B72E46A60800E8F2FD /* City Details.png */; };
		15E997BE2E46A60800E8F2FD /* No Results.png in Resources */ = {isa = PBXBuildFile; fileRef = 15E997B92E46A60800E8F2FD /* No Results.png */; };
		15E997BF2E46A60800E8F2FD /* Search.png in Resources */ = {isa = PBXBuildFile; fileRef = 15E997BA2E46A60800E8F2FD /* Search.png */; };
		15E997C92E4BFF2A00E8F2FD /* TicketmasterModels.swift in Sources */ = {isa = PBXBuildFile; fileRef = 15E997C82E4BFF2400E8F2FD /* TicketmasterModels.swift */; };
		15E997CC2E4C04F300E8F2FD /* TicketmasterAPI.swift in Sources */ = {isa = PBXBuildFile; fileRef = 15E997CB2E4C000400E8F2FD /* TicketmasterAPI.swift */; };
		15E997D52E4C0DD800E8F2FD /* Secrets.plist in Resources */ = {isa = PBXBuildFile; fileRef = 15E997D42E4C0DD800E8F2FD /* Secrets.plist */; };
		15E997D72E4C0ECE00E8F2FD /* Secrets.swift in Sources */ = {isa = PBXBuildFile; fileRef = 15E997D62E4C0ECB00E8F2FD /* Secrets.swift */; };
/* End PBXBuildFile section */

/* Begin PBXContainerItemProxy section */
		15E997872E452F6C00E8F2FD /* PBXContainerItemProxy */ = {
			isa = PBXContainerItemProxy;
			containerPortal = 15E997712E452F6900E8F2FD /* Project object */;
			proxyType = 1;
			remoteGlobalIDString = 15E997782E452F6900E8F2FD;
			remoteInfo = "WhatsNext - IOS";
		};
		15E997912E452F6C00E8F2FD /* PBXContainerItemProxy */ = {
			isa = PBXContainerItemProxy;
			containerPortal = 15E997712E452F6900E8F2FD /* Project object */;
			proxyType = 1;
			remoteGlobalIDString = 15E997782E452F6900E8F2FD;
			remoteInfo = "WhatsNext - IOS";
		};
/* End PBXContainerItemProxy section */

/* Begin PBXFileReference section */
		15E997792E452F6900E8F2FD /* WhatsNext - IOS.app */ = {isa = PBXFileReference; explicitFileType = wrapper.application; includeInIndex = 0; path = "WhatsNext - IOS.app"; sourceTree = BUILT_PRODUCTS_DIR; };
		15E997862E452F6C00E8F2FD /* WhatsNext - IOSTests.xctest */ = {isa = PBXFileReference; explicitFileType = wrapper.cfbundle; includeInIndex = 0; path = "WhatsNext - IOSTests.xctest"; sourceTree = BUILT_PRODUCTS_DIR; };
		15E997902E452F6C00E8F2FD /* WhatsNext - IOSUITests.xctest */ = {isa = PBXFileReference; explicitFileType = wrapper.cfbundle; includeInIndex = 0; path = "WhatsNext - IOSUITests.xctest"; sourceTree = BUILT_PRODUCTS_DIR; };
		15E997A52E45308D00E8F2FD /* CityCardView.swift */ = {isa = PBXFileReference; lastKnownFileType = sourcecode.swift; path = CityCardView.swift; sourceTree = "<group>"; };
		15E997A62E45308D00E8F2FD /* CityDetailView.swift */ = {isa = PBXFileReference; lastKnownFileType = sourcecode.swift; path = CityDetailView.swift; sourceTree = "<group>"; };
		15E997A72E45308D00E8F2FD /* HomeView.swift */ = {isa = PBXFileReference; lastKnownFileType = sourcecode.swift; path = HomeView.swift; sourceTree = "<group>"; };
		15E997AB2E4530AB00E8F2FD /* City.swift */ = {isa = PBXFileReference; lastKnownFileType = sourcecode.swift; path = City.swift; sourceTree = "<group>"; };
		15E997B72E46A60800E8F2FD /* City Details.png */ = {isa = PBXFileReference; lastKnownFileType = image.png; path = "City Details.png"; sourceTree = "<group>"; };
		15E997B82E46A60800E8F2FD /* Home Screen.png */ = {isa = PBXFileReference; lastKnownFileType = image.png; path = "Home Screen.png"; sourceTree = "<group>"; };
		15E997B92E46A60800E8F2FD /* No Results.png */ = {isa = PBXFileReference; lastKnownFileType = image.png; path = "No Results.png"; sourceTree = "<group>"; };
		15E997BA2E46A60800E8F2FD /* Search.png */ = {isa = PBXFileReference; lastKnownFileType = image.png; path = Search.png; sourceTree = "<group>"; };
		15E997C82E4BFF2400E8F2FD /* TicketmasterModels.swift */ = {isa = PBXFileReference; lastKnownFileType = sourcecode.swift; path = TicketmasterModels.swift; sourceTree = "<group>"; };
		15E997CB2E4C000400E8F2FD /* TicketmasterAPI.swift */ = {isa = PBXFileReference; lastKnownFileType = sourcecode.swift; path = TicketmasterAPI.swift; sourceTree = "<group>"; };
		15E997D42E4C0DD800E8F2FD /* Secrets.plist */ = {isa = PBXFileReference; lastKnownFileType = text.plist.xml; path = Secrets.plist; sourceTree = "<group>"; };
		15E997D62E4C0ECB00E8F2FD /* Secrets.swift */ = {isa = PBXFileReference; lastKnownFileType = sourcecode.swift; path = Secrets.swift; sourceTree = "<group>"; };
		15E997E22E4D52B400E8F2FD /* Secrets.example.plist */ = {isa = PBXFileReference; lastKnownFileType = text.plist.xml; path = Secrets.example.plist; sourceTree = "<group>"; };
/* End PBXFileReference section */

/* Begin PBXFileSystemSynchronizedRootGroup section */
		15E9977B2E452F6900E8F2FD /* WhatsNext - IOS */ = {
			isa = PBXFileSystemSynchronizedRootGroup;
			path = "WhatsNext - IOS";
			sourceTree = "<group>";
		};
		15E997892E452F6C00E8F2FD /* WhatsNext - IOSTests */ = {
			isa = PBXFileSystemSynchronizedRootGroup;
			path = "WhatsNext - IOSTests";
			sourceTree = "<group>";
		};
		15E997932E452F6C00E8F2FD /* WhatsNext - IOSUITests */ = {
			isa = PBXFileSystemSynchronizedRootGroup;
			path = "WhatsNext - IOSUITests";
			sourceTree = "<group>";
		};
/* End PBXFileSystemSynchronizedRootGroup section */

/* Begin PBXFrameworksBuildPhase section */
		15E997762E452F6900E8F2FD /* Frameworks */ = {
			isa = PBXFrameworksBuildPhase;
			buildActionMask = 2147483647;
			files = (
			);
			runOnlyForDeploymentPostprocessing = 0;
		};
		15E997832E452F6C00E8F2FD /* Frameworks */ = {
			isa = PBXFrameworksBuildPhase;
			buildActionMask = 2147483647;
			files = (
			);
			runOnlyForDeploymentPostprocessing = 0;
		};
		15E9978D2E452F6C00E8F2FD /* Frameworks */ = {
			isa = PBXFrameworksBuildPhase;
			buildActionMask = 2147483647;
			files = (
			);
			runOnlyForDeploymentPostprocessing = 0;
		};
/* End PBXFrameworksBuildPhase section */

/* Begin PBXGroup section */
		15E997702E452F6900E8F2FD = {
			isa = PBXGroup;
			children = (
				15E997E22E4D52B400E8F2FD /* Secrets.example.plist */,
				15E997D42E4C0DD800E8F2FD /* Secrets.plist */,
				15E997CA2E4BFFF900E8F2FD /* Services */,
				15E997BB2E46A60800E8F2FD /* Screenshots */,
				15E997A42E452FCB00E8F2FD /* Models */,
				15E997A32E452FBE00E8F2FD /* Views */,
				15E9977B2E452F6900E8F2FD /* WhatsNext - IOS */,
				15E997892E452F6C00E8F2FD /* WhatsNext - IOSTests */,
				15E997932E452F6C00E8F2FD /* WhatsNext - IOSUITests */,
				15E9977A2E452F6900E8F2FD /* Products */,
			);
			sourceTree = "<group>";
		};
		15E9977A2E452F6900E8F2FD /* Products */ = {
			isa = PBXGroup;
			children = (
				15E997792E452F6900E8F2FD /* WhatsNext - IOS.app */,
				15E997862E452F6C00E8F2FD /* WhatsNext - IOSTests.xctest */,
				15E997902E452F6C00E8F2FD /* WhatsNext - IOSUITests.xctest */,
			);
			name = Products;
			sourceTree = "<group>";
		};
		15E997A32E452FBE00E8F2FD /* Views */ = {
			isa = PBXGroup;
			children = (
				15E997A52E45308D00E8F2FD /* CityCardView.swift */,
				15E997A62E45308D00E8F2FD /* CityDetailView.swift */,
				15E997A72E45308D00E8F2FD /* HomeView.swift */,
			);
			path = Views;
			sourceTree = "<group>";
		};
		15E997A42E452FCB00E8F2FD /* Models */ = {
			isa = PBXGroup;
			children = (
				15E997C82E4BFF2400E8F2FD /* TicketmasterModels.swift */,
				15E997AB2E4530AB00E8F2FD /* City.swift */,
			);
			path = Models;
			sourceTree = "<group>";
		};
		15E997BB2E46A60800E8F2FD /* Screenshots */ = {
			isa = PBXGroup;
			children = (
				15E997B72E46A60800E8F2FD /* City Details.png */,
				15E997B82E46A60800E8F2FD /* Home Screen.png */,
				15E997B92E46A60800E8F2FD /* No Results.png */,
				15E997BA2E46A60800E8F2FD /* Search.png */,
			);
			path = Screenshots;
			sourceTree = "<group>";
		};
		15E997CA2E4BFFF900E8F2FD /* Services */ = {
			isa = PBXGroup;
			children = (
				15E997D62E4C0ECB00E8F2FD /* Secrets.swift */,
				15E997CB2E4C000400E8F2FD /* TicketmasterAPI.swift */,
			);
			path = Services;
			sourceTree = "<group>";
		};
/* End PBXGroup section */

/* Begin PBXNativeTarget section */
		15E997782E452F6900E8F2FD /* WhatsNext - IOS */ = {
			isa = PBXNativeTarget;
			buildConfigurationList = 15E9979A2E452F6C00E8F2FD /* Build configuration list for PBXNativeTarget "WhatsNext - IOS" */;
			buildPhases = (
				15E997752E452F6900E8F2FD /* Sources */,
				15E997762E452F6900E8F2FD /* Frameworks */,
				15E997772E452F6900E8F2FD /* Resources */,
			);
			buildRules = (
			);
			dependencies = (
			);
			fileSystemSynchronizedGroups = (
				15E9977B2E452F6900E8F2FD /* WhatsNext - IOS */,
			);
			name = "WhatsNext - IOS";
			packageProductDependencies = (
			);
			productName = "WhatsNext - IOS";
			productReference = 15E997792E452F6900E8F2FD /* WhatsNext - IOS.app */;
			productType = "com.apple.product-type.application";
		};
		15E997852E452F6C00E8F2FD /* WhatsNext - IOSTests */ = {
			isa = PBXNativeTarget;
			buildConfigurationList = 15E9979D2E452F6C00E8F2FD /* Build configuration list for PBXNativeTarget "WhatsNext - IOSTests" */;
			buildPhases = (
				15E997822E452F6C00E8F2FD /* Sources */,
				15E997832E452F6C00E8F2FD /* Frameworks */,
				15E997842E452F6C00E8F2FD /* Resources */,
			);
			buildRules = (
			);
			dependencies = (
				15E997882E452F6C00E8F2FD /* PBXTargetDependency */,
			);
			fileSystemSynchronizedGroups = (
				15E997892E452F6C00E8F2FD /* WhatsNext - IOSTests */,
			);
			name = "WhatsNext - IOSTests";
			packageProductDependencies = (
			);
			productName = "WhatsNext - IOSTests";
			productReference = 15E997862E452F6C00E8F2FD /* WhatsNext - IOSTests.xctest */;
			productType = "com.apple.product-type.bundle.unit-test";
		};
		15E9978F2E452F6C00E8F2FD /* WhatsNext - IOSUITests */ = {
			isa = PBXNativeTarget;
			buildConfigurationList = 15E997A02E452F6C00E8F2FD /* Build configuration list for PBXNativeTarget "WhatsNext - IOSUITests" */;
			buildPhases = (
				15E9978C2E452F6C00E8F2FD /* Sources */,
				15E9978D2E452F6C00E8F2FD /* Frameworks */,
				15E9978E2E452F6C00E8F2FD /* Resources */,
			);
			buildRules = (
			);
			dependencies = (
				15E997922E452F6C00E8F2FD /* PBXTargetDependency */,
			);
			fileSystemSynchronizedGroups = (
				15E997932E452F6C00E8F2FD /* WhatsNext - IOSUITests */,
			);
			name = "WhatsNext - IOSUITests";
			packageProductDependencies = (
			);
			productName = "WhatsNext - IOSUITests";
			productReference = 15E997902E452F6C00E8F2FD /* WhatsNext - IOSUITests.xctest */;
			productType = "com.apple.product-type.bundle.ui-testing";
		};
/* End PBXNativeTarget section */

/* Begin PBXProject section */
		15E997712E452F6900E8F2FD /* Project object */ = {
			isa = PBXProject;
			attributes = {
				BuildIndependentTargetsInParallel = 1;
				LastSwiftUpdateCheck = 1640;
				LastUpgradeCheck = 1640;
				TargetAttributes = {
					15E997782E452F6900E8F2FD = {
						CreatedOnToolsVersion = 16.4;
					};
					15E997852E452F6C00E8F2FD = {
						CreatedOnToolsVersion = 16.4;
						TestTargetID = 15E997782E452F6900E8F2FD;
					};
					15E9978F2E452F6C00E8F2FD = {
						CreatedOnToolsVersion = 16.4;
						TestTargetID = 15E997782E452F6900E8F2FD;
					};
				};
			};
			buildConfigurationList = 15E997742E452F6900E8F2FD /* Build configuration list for PBXProject "WhatsNext - IOS" */;
			developmentRegion = en;
			hasScannedForEncodings = 0;
			knownRegions = (
				en,
				Base,
			);
			mainGroup = 15E997702E452F6900E8F2FD;
			minimizedProjectReferenceProxies = 1;
			preferredProjectObjectVersion = 77;
			productRefGroup = 15E9977A2E452F6900E8F2FD /* Products */;
			projectDirPath = "";
			projectRoot = "";
			targets = (
				15E997782E452F6900E8F2FD /* WhatsNext - IOS */,
				15E997852E452F6C00E8F2FD /* WhatsNext - IOSTests */,
				15E9978F2E452F6C00E8F2FD /* WhatsNext - IOSUITests */,
			);
		};
/* End PBXProject section */

/* Begin PBXResourcesBuildPhase section */
		15E997772E452F6900E8F2FD /* Resources */ = {
			isa = PBXResourcesBuildPhase;
			buildActionMask = 2147483647;
			files = (
				15E997BC2E46A60800E8F2FD /* Home Screen.png in Resources */,
				15E997BD2E46A60800E8F2FD /* City Details.png in Resources */,
				15E997BE2E46A60800E8F2FD /* No Results.png in Resources */,
				15E997BF2E46A60800E8F2FD /* Search.png in Resources */,
				15E997D52E4C0DD800E8F2FD /* Secrets.plist in Resources */,
			);
			runOnlyForDeploymentPostprocessing = 0;
		};
		15E997842E452F6C00E8F2FD /* Resources */ = {
			isa = PBXResourcesBuildPhase;
			buildActionMask = 2147483647;
			files = (
			);
			runOnlyForDeploymentPostprocessing = 0;
		};
		15E9978E2E452F6C00E8F2FD /* Resources */ = {
			isa = PBXResourcesBuildPhase;
			buildActionMask = 2147483647;
			files = (
			);
			runOnlyForDeploymentPostprocessing = 0;
		};
/* End PBXResourcesBuildPhase section */

/* Begin PBXSourcesBuildPhase section */
		15E997752E452F6900E8F2FD /* Sources */ = {
			isa = PBXSourcesBuildPhase;
			buildActionMask = 2147483647;
			files = (
				15E997AC2E4530AB00E8F2FD /* City.swift in Sources */,
				15E997D72E4C0ECE00E8F2FD /* Secrets.swift in Sources */,
				15E997A82E45308D00E8F2FD /* CityDetailView.swift in Sources */,
				15E997CC2E4C04F300E8F2FD /* TicketmasterAPI.swift in Sources */,
				15E997C92E4BFF2A00E8F2FD /* TicketmasterModels.swift in Sources */,
				15E997A92E45308D00E8F2FD /* HomeView.swift in Sources */,
				15E997AA2E45308D00E8F2FD /* CityCardView.swift in Sources */,
			);
			runOnlyForDeploymentPostprocessing = 0;
		};
		15E997822E452F6C00E8F2FD /* Sources */ = {
			isa = PBXSourcesBuildPhase;
			buildActionMask = 2147483647;
			files = (
			);
			runOnlyForDeploymentPostprocessing = 0;
		};
		15E9978C2E452F6C00E8F2FD /* Sources */ = {
			isa = PBXSourcesBuildPhase;
			buildActionMask = 2147483647;
			files = (
			);
			runOnlyForDeploymentPostprocessing = 0;
		};
/* End PBXSourcesBuildPhase section */

/* Begin PBXTargetDependency section */
		15E997882E452F6C00E8F2FD /* PBXTargetDependency */ = {
			isa = PBXTargetDependency;
			target = 15E997782E452F6900E8F2FD /* WhatsNext - IOS */;
			targetProxy = 15E997872E452F6C00E8F2FD /* PBXContainerItemProxy */;
		};
		15E997922E452F6C00E8F2FD /* PBXTargetDependency */ = {
			isa = PBXTargetDependency;
			target = 15E997782E452F6900E8F2FD /* WhatsNext - IOS */;
			targetProxy = 15E997912E452F6C00E8F2FD /* PBXContainerItemProxy */;
		};
/* End PBXTargetDependency section */

/* Begin XCBuildConfiguration section */
		15E997982E452F6C00E8F2FD /* Debug */ = {
			isa = XCBuildConfiguration;
			buildSettings = {
				ALWAYS_SEARCH_USER_PATHS = NO;
				ASSETCATALOG_COMPILER_GENERATE_SWIFT_ASSET_SYMBOL_EXTENSIONS = YES;
				CLANG_ANALYZER_NONNULL = YES;
				CLANG_ANALYZER_NUMBER_OBJECT_CONVERSION = YES_AGGRESSIVE;
				CLANG_CXX_LANGUAGE_STANDARD = "gnu++20";
				CLANG_ENABLE_MODULES = YES;
				CLANG_ENABLE_OBJC_ARC = YES;
				CLANG_ENABLE_OBJC_WEAK = YES;
				CLANG_WARN_BLOCK_CAPTURE_AUTORELEASING = YES;
				CLANG_WARN_BOOL_CONVERSION = YES;
				CLANG_WARN_COMMA = YES;
				CLANG_WARN_CONSTANT_CONVERSION = YES;
				CLANG_WARN_DEPRECATED_OBJC_IMPLEMENTATIONS = YES;
				CLANG_WARN_DIRECT_OBJC_ISA_USAGE = YES_ERROR;
				CLANG_WARN_DOCUMENTATION_COMMENTS = YES;
				CLANG_WARN_EMPTY_BODY = YES;
				CLANG_WARN_ENUM_CONVERSION = YES;
				CLANG_WARN_INFINITE_RECURSION = YES;
				CLANG_WARN_INT_CONVERSION = YES;
				CLANG_WARN_NON_LITERAL_NULL_CONVERSION = YES;
				CLANG_WARN_OBJC_IMPLICIT_RETAIN_SELF = YES;
				CLANG_WARN_OBJC_LITERAL_CONVERSION = YES;
				CLANG_WARN_OBJC_ROOT_CLASS = YES_ERROR;
				CLANG_WARN_QUOTED_INCLUDE_IN_FRAMEWORK_HEADER = YES;
				CLANG_WARN_RANGE_LOOP_ANALYSIS = YES;
				CLANG_WARN_STRICT_PROTOTYPES = YES;
				CLANG_WARN_SUSPICIOUS_MOVE = YES;
				CLANG_WARN_UNGUARDED_AVAILABILITY = YES_AGGRESSIVE;
				CLANG_WARN_UNREACHABLE_CODE = YES;
				CLANG_WARN__DUPLICATE_METHOD_MATCH = YES;
				COPY_PHASE_STRIP = NO;
				DEBUG_INFORMATION_FORMAT = dwarf;
				ENABLE_STRICT_OBJC_MSGSEND = YES;
				ENABLE_TESTABILITY = YES;
				ENABLE_USER_SCRIPT_SANDBOXING = YES;
				GCC_C_LANGUAGE_STANDARD = gnu17;
				GCC_DYNAMIC_NO_PIC = NO;
				GCC_NO_COMMON_BLOCKS = YES;
				GCC_OPTIMIZATION_LEVEL = 0;
				GCC_PREPROCESSOR_DEFINITIONS = (
					"DEBUG=1",
					"$(inherited)",
				);
				GCC_WARN_64_TO_32_BIT_CONVERSION = YES;
				GCC_WARN_ABOUT_RETURN_TYPE = YES_ERROR;
				GCC_WARN_UNDECLARED_SELECTOR = YES;
				GCC_WARN_UNINITIALIZED_AUTOS = YES_AGGRESSIVE;
				GCC_WARN_UNUSED_FUNCTION = YES;
				GCC_WARN_UNUSED_VARIABLE = YES;
				GENERATE_INFOPLIST_FILE = YES;
				"GENERATE_INFOPLIST_FILE[sdk=*]" = YES;
				INFOPLIST_FILE = "";
				"INFOPLIST_FILE[sdk=*]" = "";
				IPHONEOS_DEPLOYMENT_TARGET = 18.5;
				LOCALIZATION_PREFERS_STRING_CATALOGS = YES;
				MTL_ENABLE_DEBUG_INFO = INCLUDE_SOURCE;
				MTL_FAST_MATH = YES;
				ONLY_ACTIVE_ARCH = YES;
				SDKROOT = iphoneos;
				SWIFT_ACTIVE_COMPILATION_CONDITIONS = "DEBUG $(inherited)";
				SWIFT_OPTIMIZATION_LEVEL = "-Onone";
			};
			name = Debug;
		};
		15E997992E452F6C00E8F2FD /* Release */ = {
			isa = XCBuildConfiguration;
			buildSettings = {
				ALWAYS_SEARCH_USER_PATHS = NO;
				ASSETCATALOG_COMPILER_GENERATE_SWIFT_ASSET_SYMBOL_EXTENSIONS = YES;
				CLANG_ANALYZER_NONNULL = YES;
				CLANG_ANALYZER_NUMBER_OBJECT_CONVERSION = YES_AGGRESSIVE;
				CLANG_CXX_LANGUAGE_STANDARD = "gnu++20";
				CLANG_ENABLE_MODULES = YES;
				CLANG_ENABLE_OBJC_ARC = YES;
				CLANG_ENABLE_OBJC_WEAK = YES;
				CLANG_WARN_BLOCK_CAPTURE_AUTORELEASING = YES;
				CLANG_WARN_BOOL_CONVERSION = YES;
				CLANG_WARN_COMMA = YES;
				CLANG_WARN_CONSTANT_CONVERSION = YES;
				CLANG_WARN_DEPRECATED_OBJC_IMPLEMENTATIONS = YES;
				CLANG_WARN_DIRECT_OBJC_ISA_USAGE = YES_ERROR;
				CLANG_WARN_DOCUMENTATION_COMMENTS = YES;
				CLANG_WARN_EMPTY_BODY = YES;
				CLANG_WARN_ENUM_CONVERSION = YES;
				CLANG_WARN_INFINITE_RECURSION = YES;
				CLANG_WARN_INT_CONVERSION = YES;
				CLANG_WARN_NON_LITERAL_NULL_CONVERSION = YES;
				CLANG_WARN_OBJC_IMPLICIT_RETAIN_SELF = YES;
				CLANG_WARN_OBJC_LITERAL_CONVERSION = YES;
				CLANG_WARN_OBJC_ROOT_CLASS = YES_ERROR;
				CLANG_WARN_QUOTED_INCLUDE_IN_FRAMEWORK_HEADER = YES;
				CLANG_WARN_RANGE_LOOP_ANALYSIS = YES;
				CLANG_WARN_STRICT_PROTOTYPES = YES;
				CLANG_WARN_SUSPICIOUS_MOVE = YES;
				CLANG_WARN_UNGUARDED_AVAILABILITY = YES_AGGRESSIVE;
				CLANG_WARN_UNREACHABLE_CODE = YES;
				CLANG_WARN__DUPLICATE_METHOD_MATCH = YES;
				COPY_PHASE_STRIP = NO;
				DEBUG_INFORMATION_FORMAT = "dwarf-with-dsym";
				ENABLE_NS_ASSERTIONS = NO;
				ENABLE_STRICT_OBJC_MSGSEND = YES;
				ENABLE_USER_SCRIPT_SANDBOXING = YES;
				GCC_C_LANGUAGE_STANDARD = gnu17;
				GCC_NO_COMMON_BLOCKS = YES;
				GCC_WARN_64_TO_32_BIT_CONVERSION = YES;
				GCC_WARN_ABOUT_RETURN_TYPE = YES_ERROR;
				GCC_WARN_UNDECLARED_SELECTOR = YES;
				GCC_WARN_UNINITIALIZED_AUTOS = YES_AGGRESSIVE;
				GCC_WARN_UNUSED_FUNCTION = YES;
				GCC_WARN_UNUSED_VARIABLE = YES;
				GENERATE_INFOPLIST_FILE = YES;
				INFOPLIST_FILE = "";
				"INFOPLIST_FILE[sdk=*]" = "";
				IPHONEOS_DEPLOYMENT_TARGET = 18.5;
				LOCALIZATION_PREFERS_STRING_CATALOGS = YES;
				MTL_ENABLE_DEBUG_INFO = NO;
				MTL_FAST_MATH = YES;
				SDKROOT = iphoneos;
				SWIFT_COMPILATION_MODE = wholemodule;
				VALIDATE_PRODUCT = YES;
			};
			name = Release;
		};
		15E9979B2E452F6C00E8F2FD /* Debug */ = {
			isa = XCBuildConfiguration;
			buildSettings = {
				ASSETCATALOG_COMPILER_APPICON_NAME = AppIcon;
				ASSETCATALOG_COMPILER_GLOBAL_ACCENT_COLOR_NAME = AccentColor;
				CODE_SIGN_STYLE = Automatic;
				CURRENT_PROJECT_VERSION = 1;
				ENABLE_PREVIEWS = YES;
				GENERATE_INFOPLIST_FILE = YES;
				INFOPLIST_FILE = "WhatsNext---IOS-Info.plist";
				"INFOPLIST_FILE[sdk=*]" = "";
				INFOPLIST_KEY_TM_API_KEY = "$(TM_API_KEY)\n";
				INFOPLIST_KEY_UIApplicationSceneManifest_Generation = YES;
				INFOPLIST_KEY_UIApplicationSupportsIndirectInputEvents = YES;
				INFOPLIST_KEY_UILaunchScreen_Generation = YES;
				INFOPLIST_KEY_UISupportedInterfaceOrientations_iPad = "UIInterfaceOrientationPortrait UIInterfaceOrientationPortraitUpsideDown UIInterfaceOrientationLandscapeLeft UIInterfaceOrientationLandscapeRight";
				INFOPLIST_KEY_UISupportedInterfaceOrientations_iPhone = "UIInterfaceOrientationPortrait UIInterfaceOrientationLandscapeLeft UIInterfaceOrientationLandscapeRight";
				LD_RUNPATH_SEARCH_PATHS = (
					"$(inherited)",
					"@executable_path/Frameworks",
				);
				MARKETING_VERSION = 1.0;
				PRODUCT_BUNDLE_IDENTIFIER = "com.AllanConstanza.WhatsNext---IOS";
				PRODUCT_NAME = "$(TARGET_NAME)";
				SWIFT_EMIT_LOC_STRINGS = YES;
				SWIFT_VERSION = 5.0;
				TARGETED_DEVICE_FAMILY = "1,2";
			};
			name = Debug;
		};
		15E9979C2E452F6C00E8F2FD /* Release */ = {
			isa = XCBuildConfiguration;
			buildSettings = {
				ASSETCATALOG_COMPILER_APPICON_NAME = AppIcon;
				ASSETCATALOG_COMPILER_GLOBAL_ACCENT_COLOR_NAME = AccentColor;
				CODE_SIGN_STYLE = Automatic;
				CURRENT_PROJECT_VERSION = 1;
				ENABLE_PREVIEWS = YES;
				GENERATE_INFOPLIST_FILE = YES;
				INFOPLIST_FILE = "WhatsNext---IOS-Info.plist";
				"INFOPLIST_FILE[sdk=*]" = "";
				INFOPLIST_KEY_TM_API_KEY = "$(TM_API_KEY)";
				INFOPLIST_KEY_UIApplicationSceneManifest_Generation = YES;
				INFOPLIST_KEY_UIApplicationSupportsIndirectInputEvents = YES;
				INFOPLIST_KEY_UILaunchScreen_Generation = YES;
				INFOPLIST_KEY_UISupportedInterfaceOrientations_iPad = "UIInterfaceOrientationPortrait UIInterfaceOrientationPortraitUpsideDown UIInterfaceOrientationLandscapeLeft UIInterfaceOrientationLandscapeRight";
				INFOPLIST_KEY_UISupportedInterfaceOrientations_iPhone = "UIInterfaceOrientationPortrait UIInterfaceOrientationLandscapeLeft UIInterfaceOrientationLandscapeRight";
				LD_RUNPATH_SEARCH_PATHS = (
					"$(inherited)",
					"@executable_path/Frameworks",
				);
				MARKETING_VERSION = 1.0;
				PRODUCT_BUNDLE_IDENTIFIER = "com.AllanConstanza.WhatsNext---IOS";
				PRODUCT_NAME = "$(TARGET_NAME)";
				SWIFT_EMIT_LOC_STRINGS = YES;
				SWIFT_VERSION = 5.0;
				TARGETED_DEVICE_FAMILY = "1,2";
			};
			name = Release;
		};
		15E9979E2E452F6C00E8F2FD /* Debug */ = {
			isa = XCBuildConfiguration;
			buildSettings = {
				BUNDLE_LOADER = "$(TEST_HOST)";
				CODE_SIGN_STYLE = Automatic;
				CURRENT_PROJECT_VERSION = 1;
				GENERATE_INFOPLIST_FILE = YES;
				IPHONEOS_DEPLOYMENT_TARGET = 18.5;
				MARKETING_VERSION = 1.0;
				PRODUCT_BUNDLE_IDENTIFIER = "com.AllanConstanza.WhatsNext---IOSTests";
				PRODUCT_NAME = "$(TARGET_NAME)";
				SWIFT_EMIT_LOC_STRINGS = NO;
				SWIFT_VERSION = 5.0;
				TARGETED_DEVICE_FAMILY = "1,2";
				TEST_HOST = "$(BUILT_PRODUCTS_DIR)/WhatsNext - IOS.app/$(BUNDLE_EXECUTABLE_FOLDER_PATH)/WhatsNext - IOS";
			};
			name = Debug;
		};
		15E9979F2E452F6C00E8F2FD /* Release */ = {
			isa = XCBuildConfiguration;
			buildSettings = {
				BUNDLE_LOADER = "$(TEST_HOST)";
				CODE_SIGN_STYLE = Automatic;
				CURRENT_PROJECT_VERSION = 1;
				GENERATE_INFOPLIST_FILE = YES;
				IPHONEOS_DEPLOYMENT_TARGET = 18.5;
				MARKETING_VERSION = 1.0;
				PRODUCT_BUNDLE_IDENTIFIER = "com.AllanConstanza.WhatsNext---IOSTests";
				PRODUCT_NAME = "$(TARGET_NAME)";
				SWIFT_EMIT_LOC_STRINGS = NO;
				SWIFT_VERSION = 5.0;
				TARGETED_DEVICE_FAMILY = "1,2";
				TEST_HOST = "$(BUILT_PRODUCTS_DIR)/WhatsNext - IOS.app/$(BUNDLE_EXECUTABLE_FOLDER_PATH)/WhatsNext - IOS";
			};
			name = Release;
		};
		15E997A12E452F6C00E8F2FD /* Debug */ = {
			isa = XCBuildConfiguration;
			buildSettings = {
				CODE_SIGN_STYLE = Automatic;
				CURRENT_PROJECT_VERSION = 1;
				GENERATE_INFOPLIST_FILE = YES;
				MARKETING_VERSION = 1.0;
				PRODUCT_BUNDLE_IDENTIFIER = "com.AllanConstanza.WhatsNext---IOSUITests";
				PRODUCT_NAME = "$(TARGET_NAME)";
				SWIFT_EMIT_LOC_STRINGS = NO;
				SWIFT_VERSION = 5.0;
				TARGETED_DEVICE_FAMILY = "1,2";
				TEST_TARGET_NAME = "WhatsNext - IOS";
			};
			name = Debug;
		};
		15E997A22E452F6C00E8F2FD /* Release */ = {
			isa = XCBuildConfiguration;
			buildSettings = {
				CODE_SIGN_STYLE = Automatic;
				CURRENT_PROJECT_VERSION = 1;
				GENERATE_INFOPLIST_FILE = YES;
				MARKETING_VERSION = 1.0;
				PRODUCT_BUNDLE_IDENTIFIER = "com.AllanConstanza.WhatsNext---IOSUITests";
				PRODUCT_NAME = "$(TARGET_NAME)";
				SWIFT_EMIT_LOC_STRINGS = NO;
				SWIFT_VERSION = 5.0;
				TARGETED_DEVICE_FAMILY = "1,2";
				TEST_TARGET_NAME = "WhatsNext - IOS";
			};
			name = Release;
		};
/* End XCBuildConfiguration section */

/* Begin XCConfigurationList section */
		15E997742E452F6900E8F2FD /* Build configuration list for PBXProject "WhatsNext - IOS" */ = {
			isa = XCConfigurationList;
			buildConfigurations = (
				15E997982E452F6C00E8F2FD /* Debug */,
				15E997992E452F6C00E8F2FD /* Release */,
			);
			defaultConfigurationIsVisible = 0;
			defaultConfigurationName = Release;
		};
		15E9979A2E452F6C00E8F2FD /* Build configuration list for PBXNativeTarget "WhatsNext - IOS" */ = {
			isa = XCConfigurationList;
			buildConfigurations = (
				15E9979B2E452F6C00E8F2FD /* Debug */,
				15E9979C2E452F6C00E8F2FD /* Release */,
			);
			defaultConfigurationIsVisible = 0;
			defaultConfigurationName = Release;
		};
		15E9979D2E452F6C00E8F2FD /* Build configuration list for PBXNativeTarget "WhatsNext - IOSTests" */ = {
			isa = XCConfigurationList;
			buildConfigurations = (
				15E9979E2E452F6C00E8F2FD /* Debug */,
				15E9979F2E452F6C00E8F2FD /* Release */,
			);
			defaultConfigurationIsVisible = 0;
			defaultConfigurationName = Release;
		};
		15E997A02E452F6C00E8F2FD /* Build configuration list for PBXNativeTarget "WhatsNext - IOSUITests" */ = {
			isa = XCConfigurationList;
			buildConfigurations = (
				15E997A12E452F6C00E8F2FD /* Debug */,
				15E997A22E452F6C00E8F2FD /* Release */,
			);
			defaultConfigurationIsVisible = 0;
			defaultConfigurationName = Release;
		};
/* End XCConfigurationList section */
	};
	rootObject = 15E997712E452F6900E8F2FD /* Project object */;
}
